{
  "name": "asp.net",
  "version": "1.0.0",
  "lockfileVersion": 2,
  "requires": true,
  "packages": {
    "": {
      "name": "asp.net",
      "version": "1.0.0",
      "devDependencies": {}
    },
    "node_modules/@types/applepayjs": {
      "version": "3.0.4",
      "resolved": "https://registry.npmjs.org/@types/applepayjs/-/applepayjs-3.0.4.tgz",
      "integrity": "sha512-RqaVZWy1Kj4e1PoUoOI8uA+4UuuLpicQFxfU9Y/xWJFZFT6mFB4PiiY911iDxFk7pdvaj5HKH7VsWRisRca1Rg=="
    },
    "node_modules/@types/googlepay": {
      "version": "0.6.4",
      "resolved": "https://registry.npmjs.org/@types/googlepay/-/googlepay-0.6.4.tgz",
      "integrity": "sha512-PTt/UCllzl8z5HmhymPpSj6uENZvVKZvCBYdDVmbBVJnLStitxtWrterAOQZkKGlqVdzxNXYeif5hOAMNMS5mw=="
    },
    "node_modules/airwallex-payment-elements": {
      "version": "1.6.2",
      "resolved": "https://registry.npmjs.org/airwallex-payment-elements/-/airwallex-payment-elements-1.6.2.tgz",
      "integrity": "sha512-MSvWki7MHZ2c1uiyu+e6/VrYZBkfhYM9ui3c08TeXIkuV0rBCWW/S7l3eVrmpcuMAXw1VJzHtwjtxUZPoU4TOw==",
      "dependencies": {
        "@types/applepayjs": "^3.0.3",
        "@types/googlepay": "^0.6.4",
        "csstype": "^3.0.6"
      },
      "bin": {
        "airwallex-payment-elements": "lib/bin/airwallex.cjs.js"
      }
    },
    "node_modules/csstype": {
      "version": "3.1.2",
      "resolved": "https://registry.npmjs.org/csstype/-/csstype-3.1.2.tgz",
      "integrity": "sha512-I7K1Uu0MBPzaFKg4nI5Q7Vs2t+3gWWW648spaF+Rg7pI9ds18Ugn+lvg4SHczUdKlHI5LWBXyqfS8+DufyBsgQ=="
    }
  },
  "dependencies": {
    "@types/applepayjs": {
      "version": "3.0.4",
      "resolved": "https://registry.npmjs.org/@types/applepayjs/-/applepayjs-3.0.4.tgz",
      "integrity": "sha512-RqaVZWy1Kj4e1PoUoOI8uA+4UuuLpicQFxfU9Y/xWJFZFT6mFB4PiiY911iDxFk7pdvaj5HKH7VsWRisRca1Rg=="
    },
    "@types/googlepay": {
      "version": "0.6.4",
      "resolved": "https://registry.npmjs.org/@types/googlepay/-/googlepay-0.6.4.tgz",
      "integrity": "sha512-PTt/UCllzl8z5HmhymPpSj6uENZvVKZvCBYdDVmbBVJnLStitxtWrterAOQZkKGlqVdzxNXYeif5hOAMNMS5mw=="
    },
    "airwallex-payment-elements": {
      "version": "https://registry.npmjs.org/airwallex-payment-elements/-/airwallex-payment-elements-1.6.2.tgz",
      "integrity": "sha512-MSvWki7MHZ2c1uiyu+e6/VrYZBkfhYM9ui3c08TeXIkuV0rBCWW/S7l3eVrmpcuMAXw1VJzHtwjtxUZPoU4TOw==",
      "requires": {
        "@types/applepayjs": "^3.0.3",
        "@types/googlepay": "^0.6.4",
        "csstype": "^3.0.6"
      }
    },
    "csstype": {
      "version": "3.1.2",
      "resolved": "https://registry.npmjs.org/csstype/-/csstype-3.1.2.tgz",
      "integrity": "sha512-I7K1Uu0MBPzaFKg4nI5Q7Vs2t+3gWWW648spaF+Rg7pI9ds18Ugn+lvg4SHczUdKlHI5LWBXyqfS8+DufyBsgQ=="
    }
  }
}
